
Microsoft Visual Studio Solution File, Format Version 12.00
# Visual Studio Version 17
VisualStudioVersion = 17.9.34310.174
MinimumVisualStudioVersion = 10.0.40219.1
Project("{FAE04EC0-301F-11D3-BF4B-00C04F79EFBC}") = "BlazorApp1", "BlazorApp1\BlazorApp1.csproj", "{D5A374EB-9927-4749-B81F-02A062C0563F}"
EndProject
Global
	GlobalSection(SolutionConfigurationPlatforms) = preSolution
		Debug|Any CPU = Debug|Any CPU
		Release|Any CPU = Release|Any CPU
	EndGlobalSection
	GlobalSection(ProjectConfigurationPlatforms) = postSolution
		{D5A374EB-9927-4749-B81F-02A062C0563F}.Debug|Any CPU.ActiveCfg = Debug|Any CPU
		{D5A374EB-9927-4749-B81F-02A062C0563F}.Debug|Any CPU.Build.0 = Debug|Any CPU
		{D5A374EB-9927-4749-B81F-02A062C0563F}.Release|Any CPU.ActiveCfg = Release|Any CPU
		{D5A374EB-9927-4749-B81F-02A062C0563F}.Release|Any CPU.Build.0 = Release|Any CPU
	EndGlobalSection
	GlobalSection(SolutionProperties) = preSolution
		HideSolutionNode = FALSE
	EndGlobalSection
	GlobalSection(ExtensibilityGlobals) = postSolution
		SolutionGuid = {49336CC9-868C-4FE0-B2E8-54FA43CE76D6}
	EndGlobalSection
EndGlobal
